# THIS IS AN AUTOGENERATED FILE. DO NOT EDIT THIS FILE DIRECTLY.
# yarn lockfile v1


"@ministryofjustice/frontend@0.2.4":
  version "0.2.4"
  resolved "https://registry.yarnpkg.com/@ministryofjustice/frontend/-/frontend-0.2.4.tgz#88b6a0d03b5ef2f577dddd0e4624deb66821e738"
  integrity sha512-KmDTogrU0cDBs7Mwa/v2I5jHEdeV67oyHohX2MezQCC8HZnCFh5ZtqYPsdXd3fj0Smb/H9m5NHv5wdWPNkLkrA==
  dependencies:
    moment "^2.27.0"

govuk-frontend@^3.4.0:
  version "3.4.0"
  resolved "https://registry.npmjs.org/govuk-frontend/-/govuk-frontend-3.4.0.tgz"
  integrity sha512-rmYPtcCtWgz92QBejYwOnfSxbPGYfvSruLwB4CBk/yJtySHRY0whG1e2/iFRRSj0pMx1Bu+zh/IqCTo+84hbFw==

moment@^2.27.0:
  version "2.29.2"
  resolved "https://registry.yarnpkg.com/moment/-/moment-2.29.2.tgz#00910c60b20843bcba52d37d58c628b47b1f20e4"
  integrity sha512-UgzG4rvxYpN15jgCmVJwac49h9ly9NurikMWGPdVxm8GZD6XjkKPxDTjQQ43gtGgnV3X0cAyWDdP2Wexoquifg==
