# THIS IS AN AUTOGENERATED FILE. DO NOT EDIT THIS FILE DIRECTLY.
# yarn lockfile v1


"@ministryofjustice/frontend@2.2.0":
  version "2.2.0"
  resolved "https://registry.yarnpkg.com/@ministryofjustice/frontend/-/frontend-2.2.0.tgz#1b41e088adc67a486529fad526e0fe6651c853f0"
  integrity sha512-d6ZPTnsJC7vofU1+nPmDXzmZeYP5oYJXWTthHHf2kABQnEBMeJvTZJdxttH2qw9NjFbV5mWiPNWZsx0wgG4qvg==
  dependencies:
    govuk-frontend "^5.0.0"
    moment "^2.27.0"

govuk-frontend@5.11.0:
  version "5.11.0"
  resolved "https://registry.yarnpkg.com/govuk-frontend/-/govuk-frontend-5.11.0.tgz#01364ca98e4f5f86102dcb93f7d811d5387d2fec"
  integrity sha512-RYZDEF1J6nVw5XauQGH+91qplExgHUXfXII7dtIme6I4u3eSvU59yZ0/EFKEwRgTslSqlhJODOnAi5rnQFU5Gw==

govuk-frontend@^5.0.0:
  version "5.4.1"
  resolved "https://registry.yarnpkg.com/govuk-frontend/-/govuk-frontend-5.4.1.tgz#cae59d1fd441f7830445810c1d281eac06a835d1"
  integrity sha512-Gmd8LV++TRh9OF6tA+9KQTpwvlsLcri7qRjViz9ji4YuwZvX+c9TD7tyE+dnJcqsQsJfhr9Fp38m3Hu3H7EIcQ==

moment@^2.27.0:
  version "2.29.2"
  resolved "https://registry.yarnpkg.com/moment/-/moment-2.29.2.tgz#00910c60b20843bcba52d37d58c628b47b1f20e4"
  integrity sha512-UgzG4rvxYpN15jgCmVJwac49h9ly9NurikMWGPdVxm8GZD6XjkKPxDTjQQ43gtGgnV3X0cAyWDdP2Wexoquifg==
